
Microsoft Visual Studio Solution File, Format Version 12.00
# Visual Studio Version 16
VisualStudioVersion = 16.0.32802.440
MinimumVisualStudioVersion = 10.0.40219.1
Project("{FAE04EC0-301F-11D3-BF4B-00C04F79EFBC}") = "PersonesFB", "PersonesFB.csproj", "{A109DE47-7738-460E-A6FA-0B5A0C91BD24}"
EndProject
Global
	GlobalSection(SolutionConfigurationPlatforms) = preSolution
		Debug|Any CPU = Debug|Any CPU
		Release|Any CPU = Release|Any CPU
	EndGlobalSection
	GlobalSection(ProjectConfigurationPlatforms) = postSolution
		{A109DE47-7738-460E-A6FA-0B5A0C91BD24}.Debug|Any CPU.ActiveCfg = Debug|Any CPU
		{A109DE47-7738-460E-A6FA-0B5A0C91BD24}.Debug|Any CPU.Build.0 = Debug|Any CPU
		{A109DE47-7738-460E-A6FA-0B5A0C91BD24}.Release|Any CPU.ActiveCfg = Release|Any CPU
		{A109DE47-7738-460E-A6FA-0B5A0C91BD24}.Release|Any CPU.Build.0 = Release|Any CPU
	EndGlobalSection
	GlobalSection(SolutionProperties) = preSolution
		HideSolutionNode = FALSE
	EndGlobalSection
	GlobalSection(ExtensibilityGlobals) = postSolution
		SolutionGuid = {51BFFDB6-FEF0-455F-A108-1F28427595E1}
	EndGlobalSection
EndGlobal
